uuid: 9b156ce6-9270-42f9-a7d0-881cfccd3bb0
langcode: en
status: true
dependencies:
  module:
    - node
    - workbc_custom
  theme:
    - workbc
id: workbcswitchlanguageblock
theme: workbc
region: hidden
weight: -3
provider: null
plugin: switch_language_block
settings:
  id: switch_language_block
  label: 'WorkBC switch language block'
  label_display: '0'
  provider: workbc_custom
visibility:
  'entity_bundle:node':
    id: 'entity_bundle:node'
    negate: false
    context_mapping:
      node: '@node.node_route_context:node'
    bundles:
      page: page
      workbc_centre: workbc_centre
