uuid: 8d29cedb-e181-4fa1-8206-8d848dfc2fa5
langcode: en
status: false
dependencies:
  module:
    - system
    - workbc_custom
  theme:
    - workbc
id: workbchighopportunityoccupationsblock
theme: workbc
region: content_bottom
weight: -12
provider: null
plugin: high_opportunity_occupations
settings:
  id: high_opportunity_occupations
  label: 'WorkBC high opportunity occupations  block'
  label_display: '0'
  provider: workbc_custom
visibility:
  request_path:
    id: request_path
    negate: false
    pages: /research-labour-market/high-opportunity-occupations
