uuid: 21a17f7d-b426-430e-bdb6-395612de571c
langcode: en
status: true
dependencies:
  module:
    - block_visibility_conditions
    - system
    - workbc_custom
  theme:
    - workbc
id: workbccareereventsblock
theme: workbc
region: views
weight: -6
provider: null
plugin: career_events_block
settings:
  id: career_events_block
  label: 'WorkBC career events block'
  label_display: visible
  provider: workbc_custom
visibility:
  not_node_type:
    id: not_node_type
    bundles: {  }
    negate: null
  not_taxonomy_vocabulary:
    id: not_taxonomy_vocabulary
    bundles: {  }
    negate: null
  request_path:
    id: request_path
    negate: false
    pages: /calendar-upcoming-events
