uuid: 9357b697-84bd-460e-8a55-fa34574ed07e
langcode: en
status: true
dependencies:
  module:
    - workbc_menu
  theme:
    - workbc
id: workbcmenublock
theme: workbc
region: nav_branding
weight: 0
provider: null
plugin: menu_block
settings:
  id: menu_block
  label: 'WorkBC menu block'
  label_display: '0'
  provider: workbc_menu
visibility: {  }
