uuid: 21a17f7d-b426-430e-bdb6-395612de571c
langcode: en
status: true
dependencies:
  module:
    - system
    - workbc_custom
  theme:
    - workbc
id: workbccareereventsblock
theme: workbc
region: content_bottom
weight: -16
provider: null
plugin: career_events_block
settings:
  id: career_events_block
  label: 'WorkBC Career Events'
  label_display: visible
  provider: workbc_custom
visibility:
  request_path:
    id: request_path
    negate: false
    pages: /plan-career/career-events/calendar-upcoming-events
